// !$*UTF8*$!
{
	archiveVersion = 1;
	classes = {
	};
	objectVersion = 55;
	objects = {

/* Begin PBXBuildFile section */
		8D3C2E46278B46A1006E25C4 /* ReduceMotionView1.swift in Sources */ = {isa = PBXBuildFile; fileRef = 8D3C2E45278B46A1006E25C4 /* ReduceMotionView1.swift */; };
		8D3C2E48278B4824006E25C4 /* ReduceMotionView2.swift in Sources */ = {isa = PBXBuildFile; fileRef = 8D3C2E47278B4824006E25C4 /* ReduceMotionView2.swift */; };
		8D3C2E4A278B490D006E25C4 /* ReduceTransparencyView.swift in Sources */ = {isa = PBXBuildFile; fileRef = 8D3C2E49278B490D006E25C4 /* ReduceTransparencyView.swift */; };
		8D3C2E4C278B4932006E25C4 /* withOptionalAnimation.swift in Sources */ = {isa = PBXBuildFile; fileRef = 8D3C2E4B278B4932006E25C4 /* withOptionalAnimation.swift */; };
		8D4F6BE727931FE900374180 /* CardViewModel.swift in Sources */ = {isa = PBXBuildFile; fileRef = 8D4F6BE627931FE900374180 /* CardViewModel.swift */; };
		8D4F6BE92793207200374180 /* FileManager-DocumentsDirectory.swift in Sources */ = {isa = PBXBuildFile; fileRef = 8D4F6BE82793207200374180 /* FileManager-DocumentsDirectory.swift */; };
		8D87C1EB2789EB9D00202699 /* FlashzillaApp.swift in Sources */ = {isa = PBXBuildFile; fileRef = 8D87C1EA2789EB9D00202699 /* FlashzillaApp.swift */; };
		8D87C1ED2789EB9D00202699 /* ContentView.swift in Sources */ = {isa = PBXBuildFile; fileRef = 8D87C1EC2789EB9D00202699 /* ContentView.swift */; };
		8D87C1EF2789EB9E00202699 /* Assets.xcassets in Resources */ = {isa = PBXBuildFile; fileRef = 8D87C1EE2789EB9E00202699 /* Assets.xcassets */; };
		8D87C1F22789EB9E00202699 /* Preview Assets.xcassets in Resources */ = {isa = PBXBuildFile; fileRef = 8D87C1F12789EB9E00202699 /* Preview Assets.xcassets */; };
		8D87C1FA2789EF3D00202699 /* MagnificationGestureView.swift in Sources */ = {isa = PBXBuildFile; fileRef = 8D87C1F92789EF3D00202699 /* MagnificationGestureView.swift */; };
		8D87C1FC2789F02E00202699 /* RotationGestureView.swift in Sources */ = {isa = PBXBuildFile; fileRef = 8D87C1FB2789F02E00202699 /* RotationGestureView.swift */; };
		8D87C1FE2789FD4700202699 /* PriorityGestureView.swift in Sources */ = {isa = PBXBuildFile; fileRef = 8D87C1FD2789FD4700202699 /* PriorityGestureView.swift */; };
		8D87C200278A00BB00202699 /* CombinedGesturesView.swift in Sources */ = {isa = PBXBuildFile; fileRef = 8D87C1FF278A00BB00202699 /* CombinedGesturesView.swift */; };
		8D87C205278A037E00202699 /* SimpleVibrationsView.swift in Sources */ = {isa = PBXBuildFile; fileRef = 8D87C204278A037E00202699 /* SimpleVibrationsView.swift */; };
		8D87C207278A0AF300202699 /* ComplexVibrationsView.swift in Sources */ = {isa = PBXBuildFile; fileRef = 8D87C206278A0AF300202699 /* ComplexVibrationsView.swift */; };
		8D87C20A278A0CA300202699 /* HitTestView1.swift in Sources */ = {isa = PBXBuildFile; fileRef = 8D87C209278A0CA300202699 /* HitTestView1.swift */; };
		8D87C20C278A0D6800202699 /* HitTestView2.swift in Sources */ = {isa = PBXBuildFile; fileRef = 8D87C20B278A0D6800202699 /* HitTestView2.swift */; };
		8D87C20E278A0EA800202699 /* ContinousVibrationView.swift in Sources */ = {isa = PBXBuildFile; fileRef = 8D87C20D278A0EA800202699 /* ContinousVibrationView.swift */; };
		8D87C211278B3E4500202699 /* TimerView.swift in Sources */ = {isa = PBXBuildFile; fileRef = 8D87C210278B3E4500202699 /* TimerView.swift */; };
		8D87C213278B401500202699 /* MoveToBackgroundView.swift in Sources */ = {isa = PBXBuildFile; fileRef = 8D87C212278B401500202699 /* MoveToBackgroundView.swift */; };
		8D87C217278B420300202699 /* DifferentiateColorView.swift in Sources */ = {isa = PBXBuildFile; fileRef = 8D87C216278B420200202699 /* DifferentiateColorView.swift */; };
		8DDCF018278E78E000C56600 /* EditCardsView.swift in Sources */ = {isa = PBXBuildFile; fileRef = 8DDCF017278E78E000C56600 /* EditCardsView.swift */; };
		8DEAC97E278BB1BD00AC8FA4 /* Card.swift in Sources */ = {isa = PBXBuildFile; fileRef = 8DEAC97D278BB1BD00AC8FA4 /* Card.swift */; };
		8DEAC980278BB30200AC8FA4 /* CardView.swift in Sources */ = {isa = PBXBuildFile; fileRef = 8DEAC97F278BB30200AC8FA4 /* CardView.swift */; };
		8DEAC983278D1BF400AC8FA4 /* Extension-Stacked.swift in Sources */ = {isa = PBXBuildFile; fileRef = 8DEAC982278D1BF400AC8FA4 /* Extension-Stacked.swift */; };
/* End PBXBuildFile section */

/* Begin PBXFileReference section */
		8D3C2E45278B46A1006E25C4 /* ReduceMotionView1.swift */ = {isa = PBXFileReference; lastKnownFileType = sourcecode.swift; path = ReduceMotionView1.swift; sourceTree = "<group>"; };
		8D3C2E47278B4824006E25C4 /* ReduceMotionView2.swift */ = {isa = PBXFileReference; lastKnownFileType = sourcecode.swift; path = ReduceMotionView2.swift; sourceTree = "<group>"; };
		8D3C2E49278B490D006E25C4 /* ReduceTransparencyView.swift */ = {isa = PBXFileReference; lastKnownFileType = sourcecode.swift; path = ReduceTransparencyView.swift; sourceTree = "<group>"; };
		8D3C2E4B278B4932006E25C4 /* withOptionalAnimation.swift */ = {isa = PBXFileReference; lastKnownFileType = sourcecode.swift; path = withOptionalAnimation.swift; sourceTree = "<group>"; };
		8D4F6BE627931FE900374180 /* CardViewModel.swift */ = {isa = PBXFileReference; lastKnownFileType = sourcecode.swift; path = CardViewModel.swift; sourceTree = "<group>"; };
		8D4F6BE82793207200374180 /* FileManager-DocumentsDirectory.swift */ = {isa = PBXFileReference; fileEncoding = 4; lastKnownFileType = sourcecode.swift; path = "FileManager-DocumentsDirectory.swift"; sourceTree = "<group>"; };
		8D87C1E72789EB9C00202699 /* Flashzilla.app */ = {isa = PBXFileReference; explicitFileType = wrapper.application; includeInIndex = 0; path = Flashzilla.app; sourceTree = BUILT_PRODUCTS_DIR; };
		8D87C1EA2789EB9D00202699 /* FlashzillaApp.swift */ = {isa = PBXFileReference; lastKnownFileType = sourcecode.swift; path = FlashzillaApp.swift; sourceTree = "<group>"; };
		8D87C1EC2789EB9D00202699 /* ContentView.swift */ = {isa = PBXFileReference; lastKnownFileType = sourcecode.swift; path = ContentView.swift; sourceTree = "<group>"; };
		8D87C1EE2789EB9E00202699 /* Assets.xcassets */ = {isa = PBXFileReference; lastKnownFileType = folder.assetcatalog; path = Assets.xcassets; sourceTree = "<group>"; };
		8D87C1F12789EB9E00202699 /* Preview Assets.xcassets */ = {isa = PBXFileReference; lastKnownFileType = folder.assetcatalog; path = "Preview Assets.xcassets"; sourceTree = "<group>"; };
		8D87C1F92789EF3D00202699 /* MagnificationGestureView.swift */ = {isa = PBXFileReference; lastKnownFileType = sourcecode.swift; path = MagnificationGestureView.swift; sourceTree = "<group>"; };
		8D87C1FB2789F02E00202699 /* RotationGestureView.swift */ = {isa = PBXFileReference; lastKnownFileType = sourcecode.swift; path = RotationGestureView.swift; sourceTree = "<group>"; };
		8D87C1FD2789FD4700202699 /* PriorityGestureView.swift */ = {isa = PBXFileReference; lastKnownFileType = sourcecode.swift; path = PriorityGestureView.swift; sourceTree = "<group>"; };
		8D87C1FF278A00BB00202699 /* CombinedGesturesView.swift */ = {isa = PBXFileReference; lastKnownFileType = sourcecode.swift; path = CombinedGesturesView.swift; sourceTree = "<group>"; };
		8D87C204278A037E00202699 /* SimpleVibrationsView.swift */ = {isa = PBXFileReference; lastKnownFileType = sourcecode.swift; path = SimpleVibrationsView.swift; sourceTree = "<group>"; };
		8D87C206278A0AF300202699 /* ComplexVibrationsView.swift */ = {isa = PBXFileReference; lastKnownFileType = sourcecode.swift; path = ComplexVibrationsView.swift; sourceTree = "<group>"; };
		8D87C209278A0CA300202699 /* HitTestView1.swift */ = {isa = PBXFileReference; lastKnownFileType = sourcecode.swift; path = HitTestView1.swift; sourceTree = "<group>"; };
		8D87C20B278A0D6800202699 /* HitTestView2.swift */ = {isa = PBXFileReference; lastKnownFileType = sourcecode.swift; path = HitTestView2.swift; sourceTree = "<group>"; };
		8D87C20D278A0EA800202699 /* ContinousVibrationView.swift */ = {isa = PBXFileReference; lastKnownFileType = sourcecode.swift; path = ContinousVibrationView.swift; sourceTree = "<group>"; };
		8D87C210278B3E4500202699 /* TimerView.swift */ = {isa = PBXFileReference; lastKnownFileType = sourcecode.swift; path = TimerView.swift; sourceTree = "<group>"; };
		8D87C212278B401500202699 /* MoveToBackgroundView.swift */ = {isa = PBXFileReference; lastKnownFileType = sourcecode.swift; path = MoveToBackgroundView.swift; sourceTree = "<group>"; };
		8D87C216278B420200202699 /* DifferentiateColorView.swift */ = {isa = PBXFileReference; lastKnownFileType = sourcecode.swift; path = DifferentiateColorView.swift; sourceTree = "<group>"; };
		8DDCF017278E78E000C56600 /* EditCardsView.swift */ = {isa = PBXFileReference; lastKnownFileType = sourcecode.swift; path = EditCardsView.swift; sourceTree = "<group>"; };
		8DEAC97D278BB1BD00AC8FA4 /* Card.swift */ = {isa = PBXFileReference; lastKnownFileType = sourcecode.swift; path = Card.swift; sourceTree = "<group>"; };
		8DEAC97F278BB30200AC8FA4 /* CardView.swift */ = {isa = PBXFileReference; lastKnownFileType = sourcecode.swift; path = CardView.swift; sourceTree = "<group>"; };
		8DEAC982278D1BF400AC8FA4 /* Extension-Stacked.swift */ = {isa = PBXFileReference; lastKnownFileType = sourcecode.swift; path = "Extension-Stacked.swift"; sourceTree = "<group>"; };
/* End PBXFileReference section */

/* Begin PBXFrameworksBuildPhase section */
		8D87C1E42789EB9C00202699 /* Frameworks */ = {
			isa = PBXFrameworksBuildPhase;
			buildActionMask = 2147483647;
			files = (
			);
			runOnlyForDeploymentPostprocessing = 0;
		};
/* End PBXFrameworksBuildPhase section */

/* Begin PBXGroup section */
		8D87C1DE2789EB9C00202699 = {
			isa = PBXGroup;
			children = (
				8D87C1E92789EB9C00202699 /* Flashzilla */,
				8D87C1E82789EB9C00202699 /* Products */,
			);
			sourceTree = "<group>";
		};
		8D87C1E82789EB9C00202699 /* Products */ = {
			isa = PBXGroup;
			children = (
				8D87C1E72789EB9C00202699 /* Flashzilla.app */,
			);
			name = Products;
			sourceTree = "<group>";
		};
		8D87C1E92789EB9C00202699 /* Flashzilla */ = {
			isa = PBXGroup;
			children = (
				8D87C1EA2789EB9D00202699 /* FlashzillaApp.swift */,
				8DEAC981278D1BD100AC8FA4 /* Extensions */,
				8D87C202278A017500202699 /* Techniques */,
				8DEAC97B278BB1A300AC8FA4 /* Models */,
				8DEAC97A278BB19C00AC8FA4 /* Views */,
				8DEAC97C278BB1AB00AC8FA4 /* ViewModels */,
				8D87C1EE2789EB9E00202699 /* Assets.xcassets */,
				8D87C1F02789EB9E00202699 /* Preview Content */,
			);
			path = Flashzilla;
			sourceTree = "<group>";
		};
		8D87C1F02789EB9E00202699 /* Preview Content */ = {
			isa = PBXGroup;
			children = (
				8D87C1F12789EB9E00202699 /* Preview Assets.xcassets */,
			);
			path = "Preview Content";
			sourceTree = "<group>";
		};
		8D87C1F82789EF2000202699 /* Day86 */ = {
			isa = PBXGroup;
			children = (
				8D87C208278A0C8A00202699 /* HitTesting */,
				8D87C203278A036000202699 /* Vibrations and Haptics */,
				8D87C201278A015100202699 /* Gestures */,
			);
			path = Day86;
			sourceTree = "<group>";
		};
		8D87C201278A015100202699 /* Gestures */ = {
			isa = PBXGroup;
			children = (
				8D87C1F92789EF3D00202699 /* MagnificationGestureView.swift */,
				8D87C1FB2789F02E00202699 /* RotationGestureView.swift */,
				8D87C1FD2789FD4700202699 /* PriorityGestureView.swift */,
				8D87C1FF278A00BB00202699 /* CombinedGesturesView.swift */,
			);
			path = Gestures;
			sourceTree = "<group>";
		};
		8D87C202278A017500202699 /* Techniques */ = {
			isa = PBXGroup;
			children = (
				8D87C20F278B2C6900202699 /* Day87 */,
				8D87C1F82789EF2000202699 /* Day86 */,
			);
			path = Techniques;
			sourceTree = "<group>";
		};
		8D87C203278A036000202699 /* Vibrations and Haptics */ = {
			isa = PBXGroup;
			children = (
				8D87C204278A037E00202699 /* SimpleVibrationsView.swift */,
				8D87C206278A0AF300202699 /* ComplexVibrationsView.swift */,
				8D87C20D278A0EA800202699 /* ContinousVibrationView.swift */,
			);
			path = "Vibrations and Haptics";
			sourceTree = "<group>";
		};
		8D87C208278A0C8A00202699 /* HitTesting */ = {
			isa = PBXGroup;
			children = (
				8D87C209278A0CA300202699 /* HitTestView1.swift */,
				8D87C20B278A0D6800202699 /* HitTestView2.swift */,
			);
			path = HitTesting;
			sourceTree = "<group>";
		};
		8D87C20F278B2C6900202699 /* Day87 */ = {
			isa = PBXGroup;
			children = (
				8D87C210278B3E4500202699 /* TimerView.swift */,
				8D87C212278B401500202699 /* MoveToBackgroundView.swift */,
				8D87C216278B420200202699 /* DifferentiateColorView.swift */,
				8D3C2E45278B46A1006E25C4 /* ReduceMotionView1.swift */,
				8D3C2E47278B4824006E25C4 /* ReduceMotionView2.swift */,
				8D3C2E49278B490D006E25C4 /* ReduceTransparencyView.swift */,
			);
			path = Day87;
			sourceTree = "<group>";
		};
		8DEAC97A278BB19C00AC8FA4 /* Views */ = {
			isa = PBXGroup;
			children = (
				8D87C1EC2789EB9D00202699 /* ContentView.swift */,
				8DEAC97F278BB30200AC8FA4 /* CardView.swift */,
				8DDCF017278E78E000C56600 /* EditCardsView.swift */,
			);
			path = Views;
			sourceTree = "<group>";
		};
		8DEAC97B278BB1A300AC8FA4 /* Models */ = {
			isa = PBXGroup;
			children = (
				8DEAC97D278BB1BD00AC8FA4 /* Card.swift */,
			);
			path = Models;
			sourceTree = "<group>";
		};
		8DEAC97C278BB1AB00AC8FA4 /* ViewModels */ = {
			isa = PBXGroup;
			children = (
				8D4F6BE627931FE900374180 /* CardViewModel.swift */,
			);
			path = ViewModels;
			sourceTree = "<group>";
		};
		8DEAC981278D1BD100AC8FA4 /* Extensions */ = {
			isa = PBXGroup;
			children = (
				8D4F6BE82793207200374180 /* FileManager-DocumentsDirectory.swift */,
				8D3C2E4B278B4932006E25C4 /* withOptionalAnimation.swift */,
				8DEAC982278D1BF400AC8FA4 /* Extension-Stacked.swift */,
			);
			path = Extensions;
			sourceTree = "<group>";
		};
/* End PBXGroup section */

/* Begin PBXNativeTarget section */
		8D87C1E62789EB9C00202699 /* Flashzilla */ = {
			isa = PBXNativeTarget;
			buildConfigurationList = 8D87C1F52789EB9E00202699 /* Build configuration list for PBXNativeTarget "Flashzilla" */;
			buildPhases = (
				8D87C1E32789EB9C00202699 /* Sources */,
				8D87C1E42789EB9C00202699 /* Frameworks */,
				8D87C1E52789EB9C00202699 /* Resources */,
			);
			buildRules = (
			);
			dependencies = (
			);
			name = Flashzilla;
			productName = Flashzilla;
			productReference = 8D87C1E72789EB9C00202699 /* Flashzilla.app */;
			productType = "com.apple.product-type.application";
		};
/* End PBXNativeTarget section */

/* Begin PBXProject section */
		8D87C1DF2789EB9C00202699 /* Project object */ = {
			isa = PBXProject;
			attributes = {
				BuildIndependentTargetsInParallel = 1;
				LastSwiftUpdateCheck = 1320;
				LastUpgradeCheck = 1320;
				TargetAttributes = {
					8D87C1E62789EB9C00202699 = {
						CreatedOnToolsVersion = 13.2.1;
					};
				};
			};
			buildConfigurationList = 8D87C1E22789EB9C00202699 /* Build configuration list for PBXProject "Flashzilla" */;
			compatibilityVersion = "Xcode 13.0";
			developmentRegion = en;
			hasScannedForEncodings = 0;
			knownRegions = (
				en,
				Base,
			);
			mainGroup = 8D87C1DE2789EB9C00202699;
			productRefGroup = 8D87C1E82789EB9C00202699 /* Products */;
			projectDirPath = "";
			projectRoot = "";
			targets = (
				8D87C1E62789EB9C00202699 /* Flashzilla */,
			);
		};
/* End PBXProject section */

/* Begin PBXResourcesBuildPhase section */
		8D87C1E52789EB9C00202699 /* Resources */ = {
			isa = PBXResourcesBuildPhase;
			buildActionMask = 2147483647;
			files = (
				8D87C1F22789EB9E00202699 /* Preview Assets.xcassets in Resources */,
				8D87C1EF2789EB9E00202699 /* Assets.xcassets in Resources */,
			);
			runOnlyForDeploymentPostprocessing = 0;
		};
/* End PBXResourcesBuildPhase section */

/* Begin PBXSourcesBuildPhase section */
		8D87C1E32789EB9C00202699 /* Sources */ = {
			isa = PBXSourcesBuildPhase;
			buildActionMask = 2147483647;
			files = (
				8D87C1FA2789EF3D00202699 /* MagnificationGestureView.swift in Sources */,
				8D87C200278A00BB00202699 /* CombinedGesturesView.swift in Sources */,
				8DEAC97E278BB1BD00AC8FA4 /* Card.swift in Sources */,
				8D3C2E46278B46A1006E25C4 /* ReduceMotionView1.swift in Sources */,
				8DDCF018278E78E000C56600 /* EditCardsView.swift in Sources */,
				8D87C213278B401500202699 /* MoveToBackgroundView.swift in Sources */,
				8D4F6BE92793207200374180 /* FileManager-DocumentsDirectory.swift in Sources */,
				8D87C20E278A0EA800202699 /* ContinousVibrationView.swift in Sources */,
				8D87C207278A0AF300202699 /* ComplexVibrationsView.swift in Sources */,
				8D87C20A278A0CA300202699 /* HitTestView1.swift in Sources */,
				8DEAC983278D1BF400AC8FA4 /* Extension-Stacked.swift in Sources */,
				8D3C2E4A278B490D006E25C4 /* ReduceTransparencyView.swift in Sources */,
				8D87C1ED2789EB9D00202699 /* ContentView.swift in Sources */,
				8D87C211278B3E4500202699 /* TimerView.swift in Sources */,
				8D4F6BE727931FE900374180 /* CardViewModel.swift in Sources */,
				8D87C205278A037E00202699 /* SimpleVibrationsView.swift in Sources */,
				8D87C217278B420300202699 /* DifferentiateColorView.swift in Sources */,
				8D87C1FE2789FD4700202699 /* PriorityGestureView.swift in Sources */,
				8DEAC980278BB30200AC8FA4 /* CardView.swift in Sources */,
				8D87C1FC2789F02E00202699 /* RotationGestureView.swift in Sources */,
				8D3C2E4C278B4932006E25C4 /* withOptionalAnimation.swift in Sources */,
				8D3C2E48278B4824006E25C4 /* ReduceMotionView2.swift in Sources */,
				8D87C1EB2789EB9D00202699 /* FlashzillaApp.swift in Sources */,
				8D87C20C278A0D6800202699 /* HitTestView2.swift in Sources */,
			);
			runOnlyForDeploymentPostprocessing = 0;
		};
/* End PBXSourcesBuildPhase section */

/* Begin XCBuildConfiguration section */
		8D87C1F32789EB9E00202699 /* Debug */ = {
			isa = XCBuildConfiguration;
			buildSettings = {
				ALWAYS_SEARCH_USER_PATHS = NO;
				CLANG_ANALYZER_NONNULL = YES;
				CLANG_ANALYZER_NUMBER_OBJECT_CONVERSION = YES_AGGRESSIVE;
				CLANG_CXX_LANGUAGE_STANDARD = "gnu++17";
				CLANG_CXX_LIBRARY = "libc++";
				CLANG_ENABLE_MODULES = YES;
				CLANG_ENABLE_OBJC_ARC = YES;
				CLANG_ENABLE_OBJC_WEAK = YES;
				CLANG_WARN_BLOCK_CAPTURE_AUTORELEASING = YES;
				CLANG_WARN_BOOL_CONVERSION = YES;
				CLANG_WARN_COMMA = YES;
				CLANG_WARN_CONSTANT_CONVERSION = YES;
				CLANG_WARN_DEPRECATED_OBJC_IMPLEMENTATIONS = YES;
				CLANG_WARN_DIRECT_OBJC_ISA_USAGE = YES_ERROR;
				CLANG_WARN_DOCUMENTATION_COMMENTS = YES;
				CLANG_WARN_EMPTY_BODY = YES;
				CLANG_WARN_ENUM_CONVERSION = YES;
				CLANG_WARN_INFINITE_RECURSION = YES;
				CLANG_WARN_INT_CONVERSION = YES;
				CLANG_WARN_NON_LITERAL_NULL_CONVERSION = YES;
				CLANG_WARN_OBJC_IMPLICIT_RETAIN_SELF = YES;
				CLANG_WARN_OBJC_LITERAL_CONVERSION = YES;
				CLANG_WARN_OBJC_ROOT_CLASS = YES_ERROR;
				CLANG_WARN_QUOTED_INCLUDE_IN_FRAMEWORK_HEADER = YES;
				CLANG_WARN_RANGE_LOOP_ANALYSIS = YES;
				CLANG_WARN_STRICT_PROTOTYPES = YES;
				CLANG_WARN_SUSPICIOUS_MOVE = YES;
				CLANG_WARN_UNGUARDED_AVAILABILITY = YES_AGGRESSIVE;
				CLANG_WARN_UNREACHABLE_CODE = YES;
				CLANG_WARN__DUPLICATE_METHOD_MATCH = YES;
				COPY_PHASE_STRIP = NO;
				DEBUG_INFORMATION_FORMAT = dwarf;
				ENABLE_STRICT_OBJC_MSGSEND = YES;
				ENABLE_TESTABILITY = YES;
				GCC_C_LANGUAGE_STANDARD = gnu11;
				GCC_DYNAMIC_NO_PIC = NO;
				GCC_NO_COMMON_BLOCKS = YES;
				GCC_OPTIMIZATION_LEVEL = 0;
				GCC_PREPROCESSOR_DEFINITIONS = (
					"DEBUG=1",
					"$(inherited)",
				);
				GCC_WARN_64_TO_32_BIT_CONVERSION = YES;
				GCC_WARN_ABOUT_RETURN_TYPE = YES_ERROR;
				GCC_WARN_UNDECLARED_SELECTOR = YES;
				GCC_WARN_UNINITIALIZED_AUTOS = YES_AGGRESSIVE;
				GCC_WARN_UNUSED_FUNCTION = YES;
				GCC_WARN_UNUSED_VARIABLE = YES;
				IPHONEOS_DEPLOYMENT_TARGET = 15.2;
				MTL_ENABLE_DEBUG_INFO = INCLUDE_SOURCE;
				MTL_FAST_MATH = YES;
				ONLY_ACTIVE_ARCH = YES;
				SDKROOT = iphoneos;
				SWIFT_ACTIVE_COMPILATION_CONDITIONS = DEBUG;
				SWIFT_OPTIMIZATION_LEVEL = "-Onone";
			};
			name = Debug;
		};
		8D87C1F42789EB9E00202699 /* Release */ = {
			isa = XCBuildConfiguration;
			buildSettings = {
				ALWAYS_SEARCH_USER_PATHS = NO;
				CLANG_ANALYZER_NONNULL = YES;
				CLANG_ANALYZER_NUMBER_OBJECT_CONVERSION = YES_AGGRESSIVE;
				CLANG_CXX_LANGUAGE_STANDARD = "gnu++17";
				CLANG_CXX_LIBRARY = "libc++";
				CLANG_ENABLE_MODULES = YES;
				CLANG_ENABLE_OBJC_ARC = YES;
				CLANG_ENABLE_OBJC_WEAK = YES;
				CLANG_WARN_BLOCK_CAPTURE_AUTORELEASING = YES;
				CLANG_WARN_BOOL_CONVERSION = YES;
				CLANG_WARN_COMMA = YES;
				CLANG_WARN_CONSTANT_CONVERSION = YES;
				CLANG_WARN_DEPRECATED_OBJC_IMPLEMENTATIONS = YES;
				CLANG_WARN_DIRECT_OBJC_ISA_USAGE = YES_ERROR;
				CLANG_WARN_DOCUMENTATION_COMMENTS = YES;
				CLANG_WARN_EMPTY_BODY = YES;
				CLANG_WARN_ENUM_CONVERSION = YES;
				CLANG_WARN_INFINITE_RECURSION = YES;
				CLANG_WARN_INT_CONVERSION = YES;
				CLANG_WARN_NON_LITERAL_NULL_CONVERSION = YES;
				CLANG_WARN_OBJC_IMPLICIT_RETAIN_SELF = YES;
				CLANG_WARN_OBJC_LITERAL_CONVERSION = YES;
				CLANG_WARN_OBJC_ROOT_CLASS = YES_ERROR;
				CLANG_WARN_QUOTED_INCLUDE_IN_FRAMEWORK_HEADER = YES;
				CLANG_WARN_RANGE_LOOP_ANALYSIS = YES;
				CLANG_WARN_STRICT_PROTOTYPES = YES;
				CLANG_WARN_SUSPICIOUS_MOVE = YES;
				CLANG_WARN_UNGUARDED_AVAILABILITY = YES_AGGRESSIVE;
				CLANG_WARN_UNREACHABLE_CODE = YES;
				CLANG_WARN__DUPLICATE_METHOD_MATCH = YES;
				COPY_PHASE_STRIP = NO;
				DEBUG_INFORMATION_FORMAT = "dwarf-with-dsym";
				ENABLE_NS_ASSERTIONS = NO;
				ENABLE_STRICT_OBJC_MSGSEND = YES;
				GCC_C_LANGUAGE_STANDARD = gnu11;
				GCC_NO_COMMON_BLOCKS = YES;
				GCC_WARN_64_TO_32_BIT_CONVERSION = YES;
				GCC_WARN_ABOUT_RETURN_TYPE = YES_ERROR;
				GCC_WARN_UNDECLARED_SELECTOR = YES;
				GCC_WARN_UNINITIALIZED_AUTOS = YES_AGGRESSIVE;
				GCC_WARN_UNUSED_FUNCTION = YES;
				GCC_WARN_UNUSED_VARIABLE = YES;
				IPHONEOS_DEPLOYMENT_TARGET = 15.2;
				MTL_ENABLE_DEBUG_INFO = NO;
				MTL_FAST_MATH = YES;
				SDKROOT = iphoneos;
				SWIFT_COMPILATION_MODE = wholemodule;
				SWIFT_OPTIMIZATION_LEVEL = "-O";
				VALIDATE_PRODUCT = YES;
			};
			name = Release;
		};
		8D87C1F62789EB9E00202699 /* Debug */ = {
			isa = XCBuildConfiguration;
			buildSettings = {
				ASSETCATALOG_COMPILER_APPICON_NAME = AppIcon;
				ASSETCATALOG_COMPILER_GLOBAL_ACCENT_COLOR_NAME = AccentColor;
				CODE_SIGN_STYLE = Automatic;
				CURRENT_PROJECT_VERSION = 1;
				DEVELOPMENT_ASSET_PATHS = "\"Flashzilla/Preview Content\"";
				DEVELOPMENT_TEAM = UZLGAARSJ4;
				ENABLE_PREVIEWS = YES;
				GENERATE_INFOPLIST_FILE = YES;
				INFOPLIST_KEY_UIApplicationSceneManifest_Generation = YES;
				INFOPLIST_KEY_UIApplicationSupportsIndirectInputEvents = YES;
				INFOPLIST_KEY_UILaunchScreen_Generation = YES;
				INFOPLIST_KEY_UISupportedInterfaceOrientations_iPad = "UIInterfaceOrientationPortrait UIInterfaceOrientationPortraitUpsideDown UIInterfaceOrientationLandscapeLeft UIInterfaceOrientationLandscapeRight";
				INFOPLIST_KEY_UISupportedInterfaceOrientations_iPhone = "UIInterfaceOrientationLandscapeLeft UIInterfaceOrientationLandscapeRight";
				LD_RUNPATH_SEARCH_PATHS = (
					"$(inherited)",
					"@executable_path/Frameworks",
				);
				MARKETING_VERSION = 1.0;
				PRODUCT_BUNDLE_IDENTIFIER = com.HoolioMediaInc.Flashzilla;
				PRODUCT_NAME = "$(TARGET_NAME)";
				SWIFT_EMIT_LOC_STRINGS = YES;
				SWIFT_VERSION = 5.0;
				TARGETED_DEVICE_FAMILY = "1,2";
			};
			name = Debug;
		};
		8D87C1F72789EB9E00202699 /* Release */ = {
			isa = XCBuildConfiguration;
			buildSettings = {
				ASSETCATALOG_COMPILER_APPICON_NAME = AppIcon;
				ASSETCATALOG_COMPILER_GLOBAL_ACCENT_COLOR_NAME = AccentColor;
				CODE_SIGN_STYLE = Automatic;
				CURRENT_PROJECT_VERSION = 1;
				DEVELOPMENT_ASSET_PATHS = "\"Flashzilla/Preview Content\"";
				DEVELOPMENT_TEAM = UZLGAARSJ4;
				ENABLE_PREVIEWS = YES;
				GENERATE_INFOPLIST_FILE = YES;
				INFOPLIST_KEY_UIApplicationSceneManifest_Generation = YES;
				INFOPLIST_KEY_UIApplicationSupportsIndirectInputEvents = YES;
				INFOPLIST_KEY_UILaunchScreen_Generation = YES;
				INFOPLIST_KEY_UISupportedInterfaceOrientations_iPad = "UIInterfaceOrientationPortrait UIInterfaceOrientationPortraitUpsideDown UIInterfaceOrientationLandscapeLeft UIInterfaceOrientationLandscapeRight";
				INFOPLIST_KEY_UISupportedInterfaceOrientations_iPhone = "UIInterfaceOrientationLandscapeLeft UIInterfaceOrientationLandscapeRight";
				LD_RUNPATH_SEARCH_PATHS = (
					"$(inherited)",
					"@executable_path/Frameworks",
				);
				MARKETING_VERSION = 1.0;
				PRODUCT_BUNDLE_IDENTIFIER = com.HoolioMediaInc.Flashzilla;
				PRODUCT_NAME = "$(TARGET_NAME)";
				SWIFT_EMIT_LOC_STRINGS = YES;
				SWIFT_VERSION = 5.0;
				TARGETED_DEVICE_FAMILY = "1,2";
			};
			name = Release;
		};
/* End XCBuildConfiguration section */

/* Begin XCConfigurationList section */
		8D87C1E22789EB9C00202699 /* Build configuration list for PBXProject "Flashzilla" */ = {
			isa = XCConfigurationList;
			buildConfigurations = (
				8D87C1F32789EB9E00202699 /* Debug */,
				8D87C1F42789EB9E00202699 /* Release */,
			);
			defaultConfigurationIsVisible = 0;
			defaultConfigurationName = Release;
		};
		8D87C1F52789EB9E00202699 /* Build configuration list for PBXNativeTarget "Flashzilla" */ = {
			isa = XCConfigurationList;
			buildConfigurations = (
				8D87C1F62789EB9E00202699 /* Debug */,
				8D87C1F72789EB9E00202699 /* Release */,
			);
			defaultConfigurationIsVisible = 0;
			defaultConfigurationName = Release;
		};
/* End XCConfigurationList section */
	};
	rootObject = 8D87C1DF2789EB9C00202699 /* Project object */;
}
